
Microsoft Visual Studio Solution File, Format Version 12.00
# Visual Studio 2012
Project("{FAE04EC0-301F-11D3-BF4B-00C04F79EFBC}") = "EJERCICIO47", "EJERCICIO47\EJERCICIO47.csproj", "{2D8D57E4-AB5C-4F6C-BC15-98A341CB85EE}"
EndProject
Project("{FAE04EC0-301F-11D3-BF4B-00C04F79EFBC}") = "EJERCICIO50", "EJERCICIO50\EJERCICIO50.csproj", "{BA051F53-74D8-4353-807B-32A346F44E77}"
EndProject
Project("{FAE04EC0-301F-11D3-BF4B-00C04F79EFBC}") = "Abtract", "Abtraction\Abtract\Abtract.csproj", "{D010C5C7-5A88-4997-A0F9-03D7EC2FBE5D}"
EndProject
Global
	GlobalSection(SolutionConfigurationPlatforms) = preSolution
		Debug|Any CPU = Debug|Any CPU
		Release|Any CPU = Release|Any CPU
	EndGlobalSection
	GlobalSection(ProjectConfigurationPlatforms) = postSolution
		{2D8D57E4-AB5C-4F6C-BC15-98A341CB85EE}.Debug|Any CPU.ActiveCfg = Debug|Any CPU
		{2D8D57E4-AB5C-4F6C-BC15-98A341CB85EE}.Debug|Any CPU.Build.0 = Debug|Any CPU
		{2D8D57E4-AB5C-4F6C-BC15-98A341CB85EE}.Release|Any CPU.ActiveCfg = Release|Any CPU
		{2D8D57E4-AB5C-4F6C-BC15-98A341CB85EE}.Release|Any CPU.Build.0 = Release|Any CPU
		{BA051F53-74D8-4353-807B-32A346F44E77}.Debug|Any CPU.ActiveCfg = Debug|Any CPU
		{BA051F53-74D8-4353-807B-32A346F44E77}.Debug|Any CPU.Build.0 = Debug|Any CPU
		{BA051F53-74D8-4353-807B-32A346F44E77}.Release|Any CPU.ActiveCfg = Release|Any CPU
		{BA051F53-74D8-4353-807B-32A346F44E77}.Release|Any CPU.Build.0 = Release|Any CPU
		{D010C5C7-5A88-4997-A0F9-03D7EC2FBE5D}.Debug|Any CPU.ActiveCfg = Debug|Any CPU
		{D010C5C7-5A88-4997-A0F9-03D7EC2FBE5D}.Debug|Any CPU.Build.0 = Debug|Any CPU
		{D010C5C7-5A88-4997-A0F9-03D7EC2FBE5D}.Release|Any CPU.ActiveCfg = Release|Any CPU
		{D010C5C7-5A88-4997-A0F9-03D7EC2FBE5D}.Release|Any CPU.Build.0 = Release|Any CPU
	EndGlobalSection
	GlobalSection(SolutionProperties) = preSolution
		HideSolutionNode = FALSE
	EndGlobalSection
EndGlobal
