
Microsoft Visual Studio Solution File, Format Version 12.00
# Visual Studio 2012
Project("{FAE04EC0-301F-11D3-BF4B-00C04F79EFBC}") = "Serializacion", "ConsoleApplication1\Serializacion.csproj", "{DAFD763D-D281-4682-AF4A-1B74D3BCE146}"
EndProject
Global
	GlobalSection(SolutionConfigurationPlatforms) = preSolution
		Debug|Any CPU = Debug|Any CPU
		Release|Any CPU = Release|Any CPU
	EndGlobalSection
	GlobalSection(ProjectConfigurationPlatforms) = postSolution
		{DAFD763D-D281-4682-AF4A-1B74D3BCE146}.Debug|Any CPU.ActiveCfg = Debug|Any CPU
		{DAFD763D-D281-4682-AF4A-1B74D3BCE146}.Debug|Any CPU.Build.0 = Debug|Any CPU
		{DAFD763D-D281-4682-AF4A-1B74D3BCE146}.Release|Any CPU.ActiveCfg = Release|Any CPU
		{DAFD763D-D281-4682-AF4A-1B74D3BCE146}.Release|Any CPU.Build.0 = Release|Any CPU
	EndGlobalSection
	GlobalSection(SolutionProperties) = preSolution
		HideSolutionNode = FALSE
	EndGlobalSection
EndGlobal
